// !$*UTF8*$!
{
	archiveVersion = 1;
	classes = {
	};
	objectVersion = 47;
	objects = {

/* Begin PBXBuildFile section */
		FE7F350B1CE705CA00BE606D /* main.swift in Sources */ = {isa = PBXBuildFile; fileRef = FE7F350A1CE705CA00BE606D /* main.swift */; };
		FE7F35B11CE70A9800BE606D /* LocalizationItem.swift in Sources */ = {isa = PBXBuildFile; fileRef = FE7F35A21CE70A9800BE606D /* LocalizationItem.swift */; };
		FE7F35B21CE70A9800BE606D /* LocalizationItem.swift in Sources */ = {isa = PBXBuildFile; fileRef = FE7F35A21CE70A9800BE606D /* LocalizationItem.swift */; };
		FE7F35B31CE70A9800BE606D /* LocalizationMap.swift in Sources */ = {isa = PBXBuildFile; fileRef = FE7F35A31CE70A9800BE606D /* LocalizationMap.swift */; };
		FE7F35B41CE70A9800BE606D /* LocalizationMap.swift in Sources */ = {isa = PBXBuildFile; fileRef = FE7F35A31CE70A9800BE606D /* LocalizationMap.swift */; };
		FE7F35B51CE70A9800BE606D /* AndroidStringsParser.swift in Sources */ = {isa = PBXBuildFile; fileRef = FE7F35A51CE70A9800BE606D /* AndroidStringsParser.swift */; };
		FE7F35B61CE70A9800BE606D /* AndroidStringsParser.swift in Sources */ = {isa = PBXBuildFile; fileRef = FE7F35A51CE70A9800BE606D /* AndroidStringsParser.swift */; };
		FE7F35B71CE70A9800BE606D /* LocalizableParser.swift in Sources */ = {isa = PBXBuildFile; fileRef = FE7F35A61CE70A9800BE606D /* LocalizableParser.swift */; };
		FE7F35B81CE70A9800BE606D /* LocalizableParser.swift in Sources */ = {isa = PBXBuildFile; fileRef = FE7F35A61CE70A9800BE606D /* LocalizableParser.swift */; };
		FE7F35B91CE70A9800BE606D /* StringParser.swift in Sources */ = {isa = PBXBuildFile; fileRef = FE7F35A71CE70A9800BE606D /* StringParser.swift */; };
		FE7F35BA1CE70A9800BE606D /* StringParser.swift in Sources */ = {isa = PBXBuildFile; fileRef = FE7F35A71CE70A9800BE606D /* StringParser.swift */; };
		FE7F35BB1CE70A9800BE606D /* StringParserFactory.swift in Sources */ = {isa = PBXBuildFile; fileRef = FE7F35A81CE70A9800BE606D /* StringParserFactory.swift */; };
		FE7F35BC1CE70A9800BE606D /* StringParserFactory.swift in Sources */ = {isa = PBXBuildFile; fileRef = FE7F35A81CE70A9800BE606D /* StringParserFactory.swift */; };
		FE7F35BD1CE70A9800BE606D /* CLIArgument.swift in Sources */ = {isa = PBXBuildFile; fileRef = FE7F35AA1CE70A9800BE606D /* CLIArgument.swift */; };
		FE7F35BE1CE70A9800BE606D /* CLIArgument.swift in Sources */ = {isa = PBXBuildFile; fileRef = FE7F35AA1CE70A9800BE606D /* CLIArgument.swift */; };
		FE7F35BF1CE70A9800BE606D /* CLIArgumentsParser.swift in Sources */ = {isa = PBXBuildFile; fileRef = FE7F35AB1CE70A9800BE606D /* CLIArgumentsParser.swift */; };
		FE7F35C01CE70A9800BE606D /* CLIArgumentsParser.swift in Sources */ = {isa = PBXBuildFile; fileRef = FE7F35AB1CE70A9800BE606D /* CLIArgumentsParser.swift */; };
		FE7F35C11CE70A9800BE606D /* CLIAction.swift in Sources */ = {isa = PBXBuildFile; fileRef = FE7F35AC1CE70A9800BE606D /* CLIAction.swift */; };
		FE7F35C21CE70A9800BE606D /* CLIAction.swift in Sources */ = {isa = PBXBuildFile; fileRef = FE7F35AC1CE70A9800BE606D /* CLIAction.swift */; };
		FE7F35C31CE70A9800BE606D /* LocalizableFormatter.swift in Sources */ = {isa = PBXBuildFile; fileRef = FE7F35AE1CE70A9800BE606D /* LocalizableFormatter.swift */; };
		FE7F35C41CE70A9800BE606D /* LocalizableFormatter.swift in Sources */ = {isa = PBXBuildFile; fileRef = FE7F35AE1CE70A9800BE606D /* LocalizableFormatter.swift */; };
		FE7F35C51CE70A9800BE606D /* LCStringsDictFormatter.swift in Sources */ = {isa = PBXBuildFile; fileRef = FE7F35AF1CE70A9800BE606D /* LCStringsDictFormatter.swift */; };
		FE7F35C61CE70A9800BE606D /* LCStringsDictFormatter.swift in Sources */ = {isa = PBXBuildFile; fileRef = FE7F35AF1CE70A9800BE606D /* LCStringsDictFormatter.swift */; };
		FE7F35C71CE70A9800BE606D /* RegexReplacer.swift in Sources */ = {isa = PBXBuildFile; fileRef = FE7F35B01CE70A9800BE606D /* RegexReplacer.swift */; };
		FE7F35C81CE70A9800BE606D /* RegexReplacer.swift in Sources */ = {isa = PBXBuildFile; fileRef = FE7F35B01CE70A9800BE606D /* RegexReplacer.swift */; };
		FE7F35D31CE70AA600BE606D /* CLIArgumentsParserTests.swift in Sources */ = {isa = PBXBuildFile; fileRef = FE7F35CA1CE70AA600BE606D /* CLIArgumentsParserTests.swift */; };
		FE7F35D41CE70AA600BE606D /* CLIArgumentTests.swift in Sources */ = {isa = PBXBuildFile; fileRef = FE7F35CB1CE70AA600BE606D /* CLIArgumentTests.swift */; };
		FE7F35D51CE70AA600BE606D /* CLIActionTests.swift in Sources */ = {isa = PBXBuildFile; fileRef = FE7F35CC1CE70AA600BE606D /* CLIActionTests.swift */; };
		FE7F35D61CE70AA600BE606D /* AndroidStringsParserTests.swift in Sources */ = {isa = PBXBuildFile; fileRef = FE7F35CE1CE70AA600BE606D /* AndroidStringsParserTests.swift */; };
		FE7F35D71CE70AA600BE606D /* LocalizableParserTests.swift in Sources */ = {isa = PBXBuildFile; fileRef = FE7F35CF1CE70AA600BE606D /* LocalizableParserTests.swift */; };
		FE7F35D81CE70AA600BE606D /* LocalizableFormatterTests.swift in Sources */ = {isa = PBXBuildFile; fileRef = FE7F35D11CE70AA600BE606D /* LocalizableFormatterTests.swift */; };
		FE7F35D91CE70AA600BE606D /* StringsDictFormatterTests.swift in Sources */ = {isa = PBXBuildFile; fileRef = FE7F35D21CE70AA600BE606D /* StringsDictFormatterTests.swift */; };
		FE7F35DB1CE70D6C00BE606D /* mainFunctions.swift in Sources */ = {isa = PBXBuildFile; fileRef = FE7F35DA1CE70D6C00BE606D /* mainFunctions.swift */; };
		FE7F35F01CE72CC100BE606D /* AcceptanceTests.swift in Sources */ = {isa = PBXBuildFile; fileRef = FE7F35E21CE72CC100BE606D /* AcceptanceTests.swift */; };
		FE7F35F71CE747E200BE606D /* mainFunctions.swift in Sources */ = {isa = PBXBuildFile; fileRef = FE7F35DA1CE70D6C00BE606D /* mainFunctions.swift */; };
		FE7F35F91CE755CC00BE606D /* testFiles in Resources */ = {isa = PBXBuildFile; fileRef = FE7F35F81CE755CC00BE606D /* testFiles */; };
		FEAF898D1CF36BCA0046F654 /* String+Path.swift in Sources */ = {isa = PBXBuildFile; fileRef = FEAF898C1CF36BCA0046F654 /* String+Path.swift */; };
		FEAF898E1CF36BF70046F654 /* String+Path.swift in Sources */ = {isa = PBXBuildFile; fileRef = FEAF898C1CF36BCA0046F654 /* String+Path.swift */; };
/* End PBXBuildFile section */

/* Begin PBXCopyFilesBuildPhase section */
		FE7F35051CE705CA00BE606D /* CopyFiles */ = {
			isa = PBXCopyFilesBuildPhase;
			buildActionMask = 2147483647;
			dstPath = /usr/share/man/man1/;
			dstSubfolderSpec = 0;
			files = (
			);
			runOnlyForDeploymentPostprocessing = 1;
		};
/* End PBXCopyFilesBuildPhase section */

/* Begin PBXFileReference section */
		FE7F35071CE705CA00BE606D /* l10nconverter */ = {isa = PBXFileReference; explicitFileType = "compiled.mach-o.executable"; includeInIndex = 0; path = l10nconverter; sourceTree = BUILT_PRODUCTS_DIR; };
		FE7F350A1CE705CA00BE606D /* main.swift */ = {isa = PBXFileReference; lastKnownFileType = sourcecode.swift; path = main.swift; sourceTree = "<group>"; };
		FE7F35151CE709EC00BE606D /* LocalizationConverterTests.xctest */ = {isa = PBXFileReference; explicitFileType = wrapper.cfbundle; includeInIndex = 0; path = LocalizationConverterTests.xctest; sourceTree = BUILT_PRODUCTS_DIR; };
		FE7F35191CE709EC00BE606D /* Info.plist */ = {isa = PBXFileReference; lastKnownFileType = text.plist.xml; path = Info.plist; sourceTree = "<group>"; };
		FE7F35A21CE70A9800BE606D /* LocalizationItem.swift */ = {isa = PBXFileReference; fileEncoding = 4; lastKnownFileType = sourcecode.swift; path = LocalizationItem.swift; sourceTree = "<group>"; };
		FE7F35A31CE70A9800BE606D /* LocalizationMap.swift */ = {isa = PBXFileReference; fileEncoding = 4; lastKnownFileType = sourcecode.swift; path = LocalizationMap.swift; sourceTree = "<group>"; };
		FE7F35A51CE70A9800BE606D /* AndroidStringsParser.swift */ = {isa = PBXFileReference; fileEncoding = 4; lastKnownFileType = sourcecode.swift; path = AndroidStringsParser.swift; sourceTree = "<group>"; };
		FE7F35A61CE70A9800BE606D /* LocalizableParser.swift */ = {isa = PBXFileReference; fileEncoding = 4; lastKnownFileType = sourcecode.swift; path = LocalizableParser.swift; sourceTree = "<group>"; };
		FE7F35A71CE70A9800BE606D /* StringParser.swift */ = {isa = PBXFileReference; fileEncoding = 4; lastKnownFileType = sourcecode.swift; path = StringParser.swift; sourceTree = "<group>"; };
		FE7F35A81CE70A9800BE606D /* StringParserFactory.swift */ = {isa = PBXFileReference; fileEncoding = 4; lastKnownFileType = sourcecode.swift; path = StringParserFactory.swift; sourceTree = "<group>"; };
		FE7F35AA1CE70A9800BE606D /* CLIArgument.swift */ = {isa = PBXFileReference; fileEncoding = 4; lastKnownFileType = sourcecode.swift; path = CLIArgument.swift; sourceTree = "<group>"; };
		FE7F35AB1CE70A9800BE606D /* CLIArgumentsParser.swift */ = {isa = PBXFileReference; fileEncoding = 4; lastKnownFileType = sourcecode.swift; path = CLIArgumentsParser.swift; sourceTree = "<group>"; };
		FE7F35AC1CE70A9800BE606D /* CLIAction.swift */ = {isa = PBXFileReference; fileEncoding = 4; lastKnownFileType = sourcecode.swift; path = CLIAction.swift; sourceTree = "<group>"; };
		FE7F35AE1CE70A9800BE606D /* LocalizableFormatter.swift */ = {isa = PBXFileReference; fileEncoding = 4; lastKnownFileType = sourcecode.swift; path = LocalizableFormatter.swift; sourceTree = "<group>"; };
		FE7F35AF1CE70A9800BE606D /* LCStringsDictFormatter.swift */ = {isa = PBXFileReference; fileEncoding = 4; lastKnownFileType = sourcecode.swift; path = LCStringsDictFormatter.swift; sourceTree = "<group>"; };
		FE7F35B01CE70A9800BE606D /* RegexReplacer.swift */ = {isa = PBXFileReference; fileEncoding = 4; lastKnownFileType = sourcecode.swift; path = RegexReplacer.swift; sourceTree = "<group>"; };
		FE7F35CA1CE70AA600BE606D /* CLIArgumentsParserTests.swift */ = {isa = PBXFileReference; fileEncoding = 4; lastKnownFileType = sourcecode.swift; path = CLIArgumentsParserTests.swift; sourceTree = "<group>"; };
		FE7F35CB1CE70AA600BE606D /* CLIArgumentTests.swift */ = {isa = PBXFileReference; fileEncoding = 4; lastKnownFileType = sourcecode.swift; path = CLIArgumentTests.swift; sourceTree = "<group>"; };
		FE7F35CC1CE70AA600BE606D /* CLIActionTests.swift */ = {isa = PBXFileReference; fileEncoding = 4; lastKnownFileType = sourcecode.swift; path = CLIActionTests.swift; sourceTree = "<group>"; };
		FE7F35CE1CE70AA600BE606D /* AndroidStringsParserTests.swift */ = {isa = PBXFileReference; fileEncoding = 4; lastKnownFileType = sourcecode.swift; path = AndroidStringsParserTests.swift; sourceTree = "<group>"; };
		FE7F35CF1CE70AA600BE606D /* LocalizableParserTests.swift */ = {isa = PBXFileReference; fileEncoding = 4; lastKnownFileType = sourcecode.swift; path = LocalizableParserTests.swift; sourceTree = "<group>"; };
		FE7F35D11CE70AA600BE606D /* LocalizableFormatterTests.swift */ = {isa = PBXFileReference; fileEncoding = 4; lastKnownFileType = sourcecode.swift; path = LocalizableFormatterTests.swift; sourceTree = "<group>"; };
		FE7F35D21CE70AA600BE606D /* StringsDictFormatterTests.swift */ = {isa = PBXFileReference; fileEncoding = 4; lastKnownFileType = sourcecode.swift; path = StringsDictFormatterTests.swift; sourceTree = "<group>"; };
		FE7F35DA1CE70D6C00BE606D /* mainFunctions.swift */ = {isa = PBXFileReference; fileEncoding = 4; lastKnownFileType = sourcecode.swift; path = mainFunctions.swift; sourceTree = "<group>"; };
		FE7F35E21CE72CC100BE606D /* AcceptanceTests.swift */ = {isa = PBXFileReference; fileEncoding = 4; lastKnownFileType = sourcecode.swift; path = AcceptanceTests.swift; sourceTree = "<group>"; };
		FE7F35F81CE755CC00BE606D /* testFiles */ = {isa = PBXFileReference; lastKnownFileType = folder; path = testFiles; sourceTree = "<group>"; };
		FEAF898C1CF36BCA0046F654 /* String+Path.swift */ = {isa = PBXFileReference; fileEncoding = 4; lastKnownFileType = sourcecode.swift; path = "String+Path.swift"; sourceTree = "<group>"; };
/* End PBXFileReference section */

/* Begin PBXFrameworksBuildPhase section */
		FE7F35041CE705CA00BE606D /* Frameworks */ = {
			isa = PBXFrameworksBuildPhase;
			buildActionMask = 2147483647;
			files = (
			);
			runOnlyForDeploymentPostprocessing = 0;
		};
		FE7F35121CE709EC00BE606D /* Frameworks */ = {
			isa = PBXFrameworksBuildPhase;
			buildActionMask = 2147483647;
			files = (
			);
			runOnlyForDeploymentPostprocessing = 0;
		};
/* End PBXFrameworksBuildPhase section */

/* Begin PBXGroup section */
		FE7F34FE1CE705CA00BE606D = {
			isa = PBXGroup;
			children = (
				FE7F35091CE705CA00BE606D /* LocalizationConverter */,
				FE7F35161CE709EC00BE606D /* MobileLocalizationConverterTests */,
				FE7F35081CE705CA00BE606D /* Products */,
			);
			sourceTree = "<group>";
		};
		FE7F35081CE705CA00BE606D /* Products */ = {
			isa = PBXGroup;
			children = (
				FE7F35071CE705CA00BE606D /* l10nconverter */,
				FE7F35151CE709EC00BE606D /* LocalizationConverterTests.xctest */,
			);
			name = Products;
			sourceTree = "<group>";
		};
		FE7F35091CE705CA00BE606D /* LocalizationConverter */ = {
			isa = PBXGroup;
			children = (
				FE7F35A11CE70A9800BE606D /* Model */,
				FE7F35A41CE70A9800BE606D /* Parsers */,
				FE7F35A91CE70A9800BE606D /* CLI */,
				FE7F35AD1CE70A9800BE606D /* Formatters */,
				FE7F35B01CE70A9800BE606D /* RegexReplacer.swift */,
				FE7F350A1CE705CA00BE606D /* main.swift */,
				FE7F35DA1CE70D6C00BE606D /* mainFunctions.swift */,
				FEAF898C1CF36BCA0046F654 /* String+Path.swift */,
			);
			path = LocalizationConverter;
			sourceTree = "<group>";
		};
		FE7F35161CE709EC00BE606D /* MobileLocalizationConverterTests */ = {
			isa = PBXGroup;
			children = (
				FE7F35E11CE72CC100BE606D /* AcceptanceTests */,
				FE7F35C91CE70AA600BE606D /* CLI */,
				FE7F35CD1CE70AA600BE606D /* Parsers */,
				FE7F35D01CE70AA600BE606D /* Formatters */,
				FE7F35191CE709EC00BE606D /* Info.plist */,
			);
			name = MobileLocalizationConverterTests;
			path = LocalizationConverterTests;
			sourceTree = "<group>";
		};
		FE7F35A11CE70A9800BE606D /* Model */ = {
			isa = PBXGroup;
			children = (
				FE7F35A21CE70A9800BE606D /* LocalizationItem.swift */,
				FE7F35A31CE70A9800BE606D /* LocalizationMap.swift */,
			);
			path = Model;
			sourceTree = "<group>";
		};
		FE7F35A41CE70A9800BE606D /* Parsers */ = {
			isa = PBXGroup;
			children = (
				FE7F35A51CE70A9800BE606D /* AndroidStringsParser.swift */,
				FE7F35A61CE70A9800BE606D /* LocalizableParser.swift */,
				FE7F35A71CE70A9800BE606D /* StringParser.swift */,
				FE7F35A81CE70A9800BE606D /* StringParserFactory.swift */,
			);
			path = Parsers;
			sourceTree = "<group>";
		};
		FE7F35A91CE70A9800BE606D /* CLI */ = {
			isa = PBXGroup;
			children = (
				FE7F35AA1CE70A9800BE606D /* CLIArgument.swift */,
				FE7F35AB1CE70A9800BE606D /* CLIArgumentsParser.swift */,
				FE7F35AC1CE70A9800BE606D /* CLIAction.swift */,
			);
			path = CLI;
			sourceTree = "<group>";
		};
		FE7F35AD1CE70A9800BE606D /* Formatters */ = {
			isa = PBXGroup;
			children = (
				FE7F35AE1CE70A9800BE606D /* LocalizableFormatter.swift */,
				FE7F35AF1CE70A9800BE606D /* LCStringsDictFormatter.swift */,
			);
			path = Formatters;
			sourceTree = "<group>";
		};
		FE7F35C91CE70AA600BE606D /* CLI */ = {
			isa = PBXGroup;
			children = (
				FE7F35CA1CE70AA600BE606D /* CLIArgumentsParserTests.swift */,
				FE7F35CB1CE70AA600BE606D /* CLIArgumentTests.swift */,
				FE7F35CC1CE70AA600BE606D /* CLIActionTests.swift */,
			);
			path = CLI;
			sourceTree = "<group>";
		};
		FE7F35CD1CE70AA600BE606D /* Parsers */ = {
			isa = PBXGroup;
			children = (
				FE7F35CE1CE70AA600BE606D /* AndroidStringsParserTests.swift */,
				FE7F35CF1CE70AA600BE606D /* LocalizableParserTests.swift */,
			);
			path = Parsers;
			sourceTree = "<group>";
		};
		FE7F35D01CE70AA600BE606D /* Formatters */ = {
			isa = PBXGroup;
			children = (
				FE7F35D11CE70AA600BE606D /* LocalizableFormatterTests.swift */,
				FE7F35D21CE70AA600BE606D /* StringsDictFormatterTests.swift */,
			);
			path = Formatters;
			sourceTree = "<group>";
		};
		FE7F35E11CE72CC100BE606D /* AcceptanceTests */ = {
			isa = PBXGroup;
			children = (
				FE7F35F81CE755CC00BE606D /* testFiles */,
				FE7F35E21CE72CC100BE606D /* AcceptanceTests.swift */,
			);
			path = AcceptanceTests;
			sourceTree = "<group>";
		};
/* End PBXGroup section */

/* Begin PBXNativeTarget section */
		FE7F35061CE705CA00BE606D /* LocalizationConverter */ = {
			isa = PBXNativeTarget;
			buildConfigurationList = FE7F350E1CE705CA00BE606D /* Build configuration list for PBXNativeTarget "LocalizationConverter" */;
			buildPhases = (
				FE7F35031CE705CA00BE606D /* Sources */,
				FE7F35041CE705CA00BE606D /* Frameworks */,
				FE3CAD071CEB01E80058C6B4 /* Swiftlint */,
				FE7F35051CE705CA00BE606D /* CopyFiles */,
			);
			buildRules = (
			);
			dependencies = (
			);
			name = LocalizationConverter;
			productName = LocalizationFileConverter;
			productReference = FE7F35071CE705CA00BE606D /* l10nconverter */;
			productType = "com.apple.product-type.tool";
		};
		FE7F35141CE709EC00BE606D /* LocalizationConverterTests */ = {
			isa = PBXNativeTarget;
			buildConfigurationList = FE7F351A1CE709EC00BE606D /* Build configuration list for PBXNativeTarget "LocalizationConverterTests" */;
			buildPhases = (
				FE7F35111CE709EC00BE606D /* Sources */,
				FE7F35121CE709EC00BE606D /* Frameworks */,
				FE7F35131CE709EC00BE606D /* Resources */,
			);
			buildRules = (
			);
			dependencies = (
			);
			name = LocalizationConverterTests;
			productName = LocalizationFileConverterTests;
			productReference = FE7F35151CE709EC00BE606D /* LocalizationConverterTests.xctest */;
			productType = "com.apple.product-type.bundle.unit-test";
		};
/* End PBXNativeTarget section */

/* Begin PBXProject section */
		FE7F34FF1CE705CA00BE606D /* Project object */ = {
			isa = PBXProject;
			attributes = {
				LastSwiftUpdateCheck = 0730;
				LastUpgradeCheck = 0800;
				ORGANIZATIONNAME = "Sébastien Duperron";
				TargetAttributes = {
					FE7F35061CE705CA00BE606D = {
						CreatedOnToolsVersion = 7.3.1;
						LastSwiftMigration = 0800;
					};
					FE7F35141CE709EC00BE606D = {
						CreatedOnToolsVersion = 7.3.1;
						LastSwiftMigration = 0800;
					};
				};
			};
			buildConfigurationList = FE7F35021CE705CA00BE606D /* Build configuration list for PBXProject "LocalizationConverter" */;
			compatibilityVersion = "Xcode 6.3";
			developmentRegion = English;
			hasScannedForEncodings = 0;
			knownRegions = (
				en,
				Base,
				fr,
			);
			mainGroup = FE7F34FE1CE705CA00BE606D;
			productRefGroup = FE7F35081CE705CA00BE606D /* Products */;
			projectDirPath = "";
			projectRoot = "";
			targets = (
				FE7F35061CE705CA00BE606D /* LocalizationConverter */,
				FE7F35141CE709EC00BE606D /* LocalizationConverterTests */,
			);
		};
/* End PBXProject section */

/* Begin PBXResourcesBuildPhase section */
		FE7F35131CE709EC00BE606D /* Resources */ = {
			isa = PBXResourcesBuildPhase;
			buildActionMask = 2147483647;
			files = (
				FE7F35F91CE755CC00BE606D /* testFiles in Resources */,
			);
			runOnlyForDeploymentPostprocessing = 0;
		};
/* End PBXResourcesBuildPhase section */

/* Begin PBXShellScriptBuildPhase section */
		FE3CAD071CEB01E80058C6B4 /* Swiftlint */ = {
			isa = PBXShellScriptBuildPhase;
			buildActionMask = 2147483647;
			files = (
			);
			inputPaths = (
			);
			name = Swiftlint;
			outputPaths = (
			);
			runOnlyForDeploymentPostprocessing = 0;
			shellPath = /bin/sh;
			shellScript = "if which swiftlint >/dev/null; then\n    swiftlint\nelse\n    echo \"warning: SwiftLint not installed, download from https://github.com/realm/SwiftLint\"\nfi\n";
			showEnvVarsInLog = 0;
		};
/* End PBXShellScriptBuildPhase section */

/* Begin PBXSourcesBuildPhase section */
		FE7F35031CE705CA00BE606D /* Sources */ = {
			isa = PBXSourcesBuildPhase;
			buildActionMask = 2147483647;
			files = (
				FE7F35C51CE70A9800BE606D /* LCStringsDictFormatter.swift in Sources */,
				FE7F35B31CE70A9800BE606D /* LocalizationMap.swift in Sources */,
				FE7F350B1CE705CA00BE606D /* main.swift in Sources */,
				FE7F35B91CE70A9800BE606D /* StringParser.swift in Sources */,
				FE7F35C71CE70A9800BE606D /* RegexReplacer.swift in Sources */,
				FE7F35B51CE70A9800BE606D /* AndroidStringsParser.swift in Sources */,
				FE7F35B71CE70A9800BE606D /* LocalizableParser.swift in Sources */,
				FE7F35BF1CE70A9800BE606D /* CLIArgumentsParser.swift in Sources */,
				FE7F35DB1CE70D6C00BE606D /* mainFunctions.swift in Sources */,
				FE7F35BD1CE70A9800BE606D /* CLIArgument.swift in Sources */,
				FE7F35C31CE70A9800BE606D /* LocalizableFormatter.swift in Sources */,
				FE7F35C11CE70A9800BE606D /* CLIAction.swift in Sources */,
				FE7F35BB1CE70A9800BE606D /* StringParserFactory.swift in Sources */,
				FE7F35B11CE70A9800BE606D /* LocalizationItem.swift in Sources */,
				FEAF898D1CF36BCA0046F654 /* String+Path.swift in Sources */,
			);
			runOnlyForDeploymentPostprocessing = 0;
		};
		FE7F35111CE709EC00BE606D /* Sources */ = {
			isa = PBXSourcesBuildPhase;
			buildActionMask = 2147483647;
			files = (
				FE7F35D71CE70AA600BE606D /* LocalizableParserTests.swift in Sources */,
				FEAF898E1CF36BF70046F654 /* String+Path.swift in Sources */,
				FE7F35BE1CE70A9800BE606D /* CLIArgument.swift in Sources */,
				FE7F35D81CE70AA600BE606D /* LocalizableFormatterTests.swift in Sources */,
				FE7F35D51CE70AA600BE606D /* CLIActionTests.swift in Sources */,
				FE7F35D61CE70AA600BE606D /* AndroidStringsParserTests.swift in Sources */,
				FE7F35C21CE70A9800BE606D /* CLIAction.swift in Sources */,
				FE7F35F01CE72CC100BE606D /* AcceptanceTests.swift in Sources */,
				FE7F35B61CE70A9800BE606D /* AndroidStringsParser.swift in Sources */,
				FE7F35F71CE747E200BE606D /* mainFunctions.swift in Sources */,
				FE7F35BC1CE70A9800BE606D /* StringParserFactory.swift in Sources */,
				FE7F35B21CE70A9800BE606D /* LocalizationItem.swift in Sources */,
				FE7F35C01CE70A9800BE606D /* CLIArgumentsParser.swift in Sources */,
				FE7F35D31CE70AA600BE606D /* CLIArgumentsParserTests.swift in Sources */,
				FE7F35BA1CE70A9800BE606D /* StringParser.swift in Sources */,
				FE7F35D91CE70AA600BE606D /* StringsDictFormatterTests.swift in Sources */,
				FE7F35B81CE70A9800BE606D /* LocalizableParser.swift in Sources */,
				FE7F35C41CE70A9800BE606D /* LocalizableFormatter.swift in Sources */,
				FE7F35C61CE70A9800BE606D /* LCStringsDictFormatter.swift in Sources */,
				FE7F35B41CE70A9800BE606D /* LocalizationMap.swift in Sources */,
				FE7F35C81CE70A9800BE606D /* RegexReplacer.swift in Sources */,
				FE7F35D41CE70AA600BE606D /* CLIArgumentTests.swift in Sources */,
			);
			runOnlyForDeploymentPostprocessing = 0;
		};
/* End PBXSourcesBuildPhase section */

/* Begin XCBuildConfiguration section */
		FE7F350C1CE705CA00BE606D /* Debug */ = {
			isa = XCBuildConfiguration;
			buildSettings = {
				ALWAYS_SEARCH_USER_PATHS = NO;
				CLANG_ANALYZER_LOCALIZABILITY_NONLOCALIZED = YES;
				CLANG_ANALYZER_NONNULL = YES;
				CLANG_CXX_LANGUAGE_STANDARD = "gnu++0x";
				CLANG_CXX_LIBRARY = "libc++";
				CLANG_ENABLE_MODULES = YES;
				CLANG_ENABLE_OBJC_ARC = YES;
				CLANG_WARN_BOOL_CONVERSION = YES;
				CLANG_WARN_CONSTANT_CONVERSION = YES;
				CLANG_WARN_DIRECT_OBJC_ISA_USAGE = YES_ERROR;
				CLANG_WARN_EMPTY_BODY = YES;
				CLANG_WARN_ENUM_CONVERSION = YES;
				CLANG_WARN_INFINITE_RECURSION = YES;
				CLANG_WARN_INT_CONVERSION = YES;
				CLANG_WARN_OBJC_ROOT_CLASS = YES_ERROR;
				CLANG_WARN_SUSPICIOUS_MOVE = YES;
				CLANG_WARN_UNREACHABLE_CODE = YES;
				CLANG_WARN__DUPLICATE_METHOD_MATCH = YES;
				CODE_SIGN_IDENTITY = "-";
				COPY_PHASE_STRIP = NO;
				DEBUG_INFORMATION_FORMAT = dwarf;
				ENABLE_STRICT_OBJC_MSGSEND = YES;
				ENABLE_TESTABILITY = YES;
				GCC_C_LANGUAGE_STANDARD = gnu99;
				GCC_DYNAMIC_NO_PIC = NO;
				GCC_NO_COMMON_BLOCKS = YES;
				GCC_OPTIMIZATION_LEVEL = 0;
				GCC_PREPROCESSOR_DEFINITIONS = (
					"DEBUG=1",
					"$(inherited)",
				);
				GCC_WARN_64_TO_32_BIT_CONVERSION = YES;
				GCC_WARN_ABOUT_RETURN_TYPE = YES_ERROR;
				GCC_WARN_UNDECLARED_SELECTOR = YES;
				GCC_WARN_UNINITIALIZED_AUTOS = YES_AGGRESSIVE;
				GCC_WARN_UNUSED_FUNCTION = YES;
				GCC_WARN_UNUSED_VARIABLE = YES;
				MACOSX_DEPLOYMENT_TARGET = 10.11;
				MTL_ENABLE_DEBUG_INFO = YES;
				ONLY_ACTIVE_ARCH = YES;
				SDKROOT = macosx;
				SWIFT_OPTIMIZATION_LEVEL = "-Onone";
			};
			name = Debug;
		};
		FE7F350D1CE705CA00BE606D /* Release */ = {
			isa = XCBuildConfiguration;
			buildSettings = {
				ALWAYS_SEARCH_USER_PATHS = NO;
				CLANG_ANALYZER_LOCALIZABILITY_NONLOCALIZED = YES;
				CLANG_ANALYZER_NONNULL = YES;
				CLANG_CXX_LANGUAGE_STANDARD = "gnu++0x";
				CLANG_CXX_LIBRARY = "libc++";
				CLANG_ENABLE_MODULES = YES;
				CLANG_ENABLE_OBJC_ARC = YES;
				CLANG_WARN_BOOL_CONVERSION = YES;
				CLANG_WARN_CONSTANT_CONVERSION = YES;
				CLANG_WARN_DIRECT_OBJC_ISA_USAGE = YES_ERROR;
				CLANG_WARN_EMPTY_BODY = YES;
				CLANG_WARN_ENUM_CONVERSION = YES;
				CLANG_WARN_INFINITE_RECURSION = YES;
				CLANG_WARN_INT_CONVERSION = YES;
				CLANG_WARN_OBJC_ROOT_CLASS = YES_ERROR;
				CLANG_WARN_SUSPICIOUS_MOVE = YES;
				CLANG_WARN_UNREACHABLE_CODE = YES;
				CLANG_WARN__DUPLICATE_METHOD_MATCH = YES;
				CODE_SIGN_IDENTITY = "-";
				COPY_PHASE_STRIP = NO;
				DEBUG_INFORMATION_FORMAT = "dwarf-with-dsym";
				ENABLE_NS_ASSERTIONS = NO;
				ENABLE_STRICT_OBJC_MSGSEND = YES;
				GCC_C_LANGUAGE_STANDARD = gnu99;
				GCC_NO_COMMON_BLOCKS = YES;
				GCC_WARN_64_TO_32_BIT_CONVERSION = YES;
				GCC_WARN_ABOUT_RETURN_TYPE = YES_ERROR;
				GCC_WARN_UNDECLARED_SELECTOR = YES;
				GCC_WARN_UNINITIALIZED_AUTOS = YES_AGGRESSIVE;
				GCC_WARN_UNUSED_FUNCTION = YES;
				GCC_WARN_UNUSED_VARIABLE = YES;
				MACOSX_DEPLOYMENT_TARGET = 10.11;
				MTL_ENABLE_DEBUG_INFO = NO;
				SDKROOT = macosx;
				SWIFT_OPTIMIZATION_LEVEL = "-Owholemodule";
			};
			name = Release;
		};
		FE7F350F1CE705CA00BE606D /* Debug */ = {
			isa = XCBuildConfiguration;
			buildSettings = {
				PRODUCT_NAME = l10nconverter;
				SWIFT_VERSION = 3.0;
			};
			name = Debug;
		};
		FE7F35101CE705CA00BE606D /* Release */ = {
			isa = XCBuildConfiguration;
			buildSettings = {
				PRODUCT_NAME = l10nconverter;
				SWIFT_VERSION = 3.0;
			};
			name = Release;
		};
		FE7F351B1CE709EC00BE606D /* Debug */ = {
			isa = XCBuildConfiguration;
			buildSettings = {
				CLANG_ENABLE_MODULES = YES;
				COMBINE_HIDPI_IMAGES = YES;
				INFOPLIST_FILE = LocalizationConverterTests/Info.plist;
				LD_RUNPATH_SEARCH_PATHS = "$(inherited) @executable_path/../Frameworks @loader_path/../Frameworks";
				PRODUCT_BUNDLE_IDENTIFIER = "fr.mobile-localization-converter.LocalizationFileConverterTests";
				PRODUCT_NAME = LocalizationConverterTests;
				SWIFT_OPTIMIZATION_LEVEL = "-Onone";
				SWIFT_VERSION = 3.0;
			};
			name = Debug;
		};
		FE7F351C1CE709EC00BE606D /* Release */ = {
			isa = XCBuildConfiguration;
			buildSettings = {
				CLANG_ENABLE_MODULES = YES;
				COMBINE_HIDPI_IMAGES = YES;
				INFOPLIST_FILE = LocalizationConverterTests/Info.plist;
				LD_RUNPATH_SEARCH_PATHS = "$(inherited) @executable_path/../Frameworks @loader_path/../Frameworks";
				PRODUCT_BUNDLE_IDENTIFIER = "fr.mobile-localization-converter.LocalizationFileConverterTests";
				PRODUCT_NAME = LocalizationConverterTests;
				SWIFT_VERSION = 3.0;
			};
			name = Release;
		};
/* End XCBuildConfiguration section */

/* Begin XCConfigurationList section */
		FE7F35021CE705CA00BE606D /* Build configuration list for PBXProject "LocalizationConverter" */ = {
			isa = XCConfigurationList;
			buildConfigurations = (
				FE7F350C1CE705CA00BE606D /* Debug */,
				FE7F350D1CE705CA00BE606D /* Release */,
			);
			defaultConfigurationIsVisible = 0;
			defaultConfigurationName = Release;
		};
		FE7F350E1CE705CA00BE606D /* Build configuration list for PBXNativeTarget "LocalizationConverter" */ = {
			isa = XCConfigurationList;
			buildConfigurations = (
				FE7F350F1CE705CA00BE606D /* Debug */,
				FE7F35101CE705CA00BE606D /* Release */,
			);
			defaultConfigurationIsVisible = 0;
			defaultConfigurationName = Release;
		};
		FE7F351A1CE709EC00BE606D /* Build configuration list for PBXNativeTarget "LocalizationConverterTests" */ = {
			isa = XCConfigurationList;
			buildConfigurations = (
				FE7F351B1CE709EC00BE606D /* Debug */,
				FE7F351C1CE709EC00BE606D /* Release */,
			);
			defaultConfigurationIsVisible = 0;
			defaultConfigurationName = Release;
		};
/* End XCConfigurationList section */
	};
	rootObject = FE7F34FF1CE705CA00BE606D /* Project object */;
}
